# THIS IS AN AUTOGENERATED FILE. DO NOT EDIT THIS FILE DIRECTLY.
# yarn lockfile v1


JSONStream@^0.8.2:
  version "0.8.4"
  resolved "https://registry.yarnpkg.com/JSONStream/-/JSONStream-0.8.4.tgz#91657dfe6ff857483066132b4618b62e8f4887bd"
  dependencies:
    jsonparse "0.0.5"
    through ">=2.2.7 <3"

arguments-extended@~0.0.3:
  version "0.0.3"
  resolved "https://registry.yarnpkg.com/arguments-extended/-/arguments-extended-0.0.3.tgz#6107e4917d0eb6f0a4dd66320fc15afc72ef4946"
  dependencies:
    extended "~0.0.3"
    is-extended "~0.0.8"

array-extended@~0.0.3, array-extended@~0.0.4, array-extended@~0.0.5:
  version "0.0.11"
  resolved "https://registry.yarnpkg.com/array-extended/-/array-extended-0.0.11.tgz#d7144ae748de93ca726f121009dbff1626d164bd"
  dependencies:
    arguments-extended "~0.0.3"
    extended "~0.0.3"
    is-extended "~0.0.3"

bindings@^1.2.1:
  version "1.2.1"
  resolved "https://registry.yarnpkg.com/bindings/-/bindings-1.2.1.tgz#14ad6113812d2d37d72e67b4cacb4bb726505f11"

charm@~0.1.1:
  version "0.1.2"
  resolved "https://registry.yarnpkg.com/charm/-/charm-0.1.2.tgz#06c21eed1a1b06aeb67553cdc53e23274bac2296"

core-util-is@~1.0.0:
  version "1.0.2"
  resolved "https://registry.yarnpkg.com/core-util-is/-/core-util-is-1.0.2.tgz#b5fd54220aa2bc5ab57aab7140c940754503c1a7"

date-extended@~0.0.3:
  version "0.0.6"
  resolved "https://registry.yarnpkg.com/date-extended/-/date-extended-0.0.6.tgz#23802d57dd1bf7818813fe0c32e851a86da267c9"
  dependencies:
    array-extended "~0.0.3"
    extended "~0.0.3"
    is-extended "~0.0.3"

declare.js@~0.0.4:
  version "0.0.8"
  resolved "https://registry.yarnpkg.com/declare.js/-/declare.js-0.0.8.tgz#0478adff9564c004f51df73d8bc134019d28dcde"

extended@0.0.6, extended@~0.0.3:
  version "0.0.6"
  resolved "https://registry.yarnpkg.com/extended/-/extended-0.0.6.tgz#7fb8bf7b9dae397586e48570acfd642c78e50669"
  dependencies:
    extender "~0.0.5"

extender@~0.0.5:
  version "0.0.10"
  resolved "https://registry.yarnpkg.com/extender/-/extender-0.0.10.tgz#589c07482be61a1460b6d81f9c24aa67e8f324cd"
  dependencies:
    declare.js "~0.0.4"

fast-csv@^0.4.0:
  version "0.4.4"
  resolved "https://registry.yarnpkg.com/fast-csv/-/fast-csv-0.4.4.tgz#24d41a611455b31d0b075d26fad8caa6df9f3f4b"
  dependencies:
    extended "0.0.6"
    is-extended "0.0.10"
    object-extended "0.0.7"
    string-extended "0.0.8"

inherits@~2.0.1:
  version "2.0.3"
  resolved "https://registry.yarnpkg.com/inherits/-/inherits-2.0.3.tgz#633c2c83e3da42a502f52466022480f4208261de"

is-extended@0.0.10, is-extended@~0.0.3, is-extended@~0.0.8:
  version "0.0.10"
  resolved "https://registry.yarnpkg.com/is-extended/-/is-extended-0.0.10.tgz#244e140df75bb1c9a3106f412ff182fb534a6d62"
  dependencies:
    extended "~0.0.3"

isarray@0.0.1:
  version "0.0.1"
  resolved "https://registry.yarnpkg.com/isarray/-/isarray-0.0.1.tgz#8a18acfca9a8f4177e09abfc6038939b05d1eedf"

itunes-data@^0.1.3:
  version "0.1.3"
  resolved "https://registry.yarnpkg.com/itunes-data/-/itunes-data-0.1.3.tgz#bbab7fe25f56107cffd19401f63a5eb19397ad3b"
  dependencies:
    JSONStream "^0.8.2"
    fast-csv "^0.4.0"
    ldjson-stream "0.0.1"
    multimeter "^0.1.1"
    node-expat "^2.2.0"
    optimist "^0.6.1"
    progress-stream "^0.5.0"

jsonparse@0.0.5:
  version "0.0.5"
  resolved "https://registry.yarnpkg.com/jsonparse/-/jsonparse-0.0.5.tgz#330542ad3f0a654665b778f3eb2d9a9fa507ac64"

ldjson-stream@0.0.1:
  version "0.0.1"
  resolved "https://registry.yarnpkg.com/ldjson-stream/-/ldjson-stream-0.0.1.tgz#b7b8ab05e6a6fd9f54de6cbaaa801c1d5d2fd5ed"
  dependencies:
    split "~0.2.10"
    through "~2.3.4"

minimist@~0.0.1:
  version "0.0.10"
  resolved "https://registry.yarnpkg.com/minimist/-/minimist-0.0.10.tgz#de3f98543dbf96082be48ad1a0c7cda836301dcf"

multimeter@^0.1.1:
  version "0.1.1"
  resolved "https://registry.yarnpkg.com/multimeter/-/multimeter-0.1.1.tgz#f856c80fc3cf0f1d4ad8eb36ad68735e3ed5b3ea"
  dependencies:
    charm "~0.1.1"

nan@^2.3.5:
  version "2.6.2"
  resolved "https://registry.yarnpkg.com/nan/-/nan-2.6.2.tgz#e4ff34e6c95fdfb5aecc08de6596f43605a7db45"

node-expat@^2.2.0:
  version "2.3.16"
  resolved "https://registry.yarnpkg.com/node-expat/-/node-expat-2.3.16.tgz#adb22174e1aaa5305996bd5b1aa6f2c8d5c0f239"
  dependencies:
    bindings "^1.2.1"
    nan "^2.3.5"

object-extended@0.0.7:
  version "0.0.7"
  resolved "https://registry.yarnpkg.com/object-extended/-/object-extended-0.0.7.tgz#84fd23f56b15582aeb3e88b05cb55d2432d68a33"
  dependencies:
    array-extended "~0.0.4"
    extended "~0.0.3"
    is-extended "~0.0.3"

object-keys@~0.4.0:
  version "0.4.0"
  resolved "https://registry.yarnpkg.com/object-keys/-/object-keys-0.4.0.tgz#28a6aae7428dd2c3a92f3d95f21335dd204e0336"

optimist@^0.6.1:
  version "0.6.1"
  resolved "https://registry.yarnpkg.com/optimist/-/optimist-0.6.1.tgz#da3ea74686fa21a19a111c326e90eb15a0196686"
  dependencies:
    minimist "~0.0.1"
    wordwrap "~0.0.2"

progress-stream@^0.5.0:
  version "0.5.0"
  resolved "https://registry.yarnpkg.com/progress-stream/-/progress-stream-0.5.0.tgz#cc4759167a6ff4f05876179384f0b6ae0d1d7587"
  dependencies:
    single-line-log "~0.3.1"
    speedometer "~0.1.2"
    through2 "~0.2.3"

readable-stream@~1.1.9:
  version "1.1.14"
  resolved "https://registry.yarnpkg.com/readable-stream/-/readable-stream-1.1.14.tgz#7cf4c54ef648e3813084c636dd2079e166c081d9"
  dependencies:
    core-util-is "~1.0.0"
    inherits "~2.0.1"
    isarray "0.0.1"
    string_decoder "~0.10.x"

single-line-log@~0.3.1:
  version "0.3.1"
  resolved "https://registry.yarnpkg.com/single-line-log/-/single-line-log-0.3.1.tgz#a7ad6507f218ce5dfe16c4bf2d659246419e7a06"

speedometer@~0.1.2:
  version "0.1.4"
  resolved "https://registry.yarnpkg.com/speedometer/-/speedometer-0.1.4.tgz#9876dbd2a169d3115402d48e6ea6329c8816a50d"

split@~0.2.10:
  version "0.2.10"
  resolved "https://registry.yarnpkg.com/split/-/split-0.2.10.tgz#67097c601d697ce1368f418f06cd201cf0521a57"
  dependencies:
    through "2"

string-extended@0.0.8:
  version "0.0.8"
  resolved "https://registry.yarnpkg.com/string-extended/-/string-extended-0.0.8.tgz#741957dff487b0272a79eec5a44f239ee6f17ccd"
  dependencies:
    array-extended "~0.0.5"
    date-extended "~0.0.3"
    extended "~0.0.3"
    is-extended "~0.0.3"

string_decoder@~0.10.x:
  version "0.10.31"
  resolved "https://registry.yarnpkg.com/string_decoder/-/string_decoder-0.10.31.tgz#62e203bc41766c6c28c9fc84301dab1c5310fa94"

through2@~0.2.3:
  version "0.2.3"
  resolved "https://registry.yarnpkg.com/through2/-/through2-0.2.3.tgz#eb3284da4ea311b6cc8ace3653748a52abf25a3f"
  dependencies:
    readable-stream "~1.1.9"
    xtend "~2.1.1"

through@2, "through@>=2.2.7 <3", through@~2.3.4:
  version "2.3.8"
  resolved "https://registry.yarnpkg.com/through/-/through-2.3.8.tgz#0dd4c9ffaabc357960b1b724115d7e0e86a2e1f5"

wordwrap@~0.0.2:
  version "0.0.3"
  resolved "https://registry.yarnpkg.com/wordwrap/-/wordwrap-0.0.3.tgz#a3d5da6cd5c0bc0008d37234bbaf1bed63059107"

xtend@~2.1.1:
  version "2.1.2"
  resolved "https://registry.yarnpkg.com/xtend/-/xtend-2.1.2.tgz#6efecc2a4dad8e6962c4901b337ce7ba87b5d28b"
  dependencies:
    object-keys "~0.4.0"
